
Microsoft Visual Studio Solution File, Format Version 12.00
# Visual Studio Version 17
VisualStudioVersion = 17.3.32929.385
MinimumVisualStudioVersion = 10.0.40219.1
Project("{9A19103F-16F7-4668-BE54-9A1E7A4F7556}") = "Shopping.Client", "Shopping.Client\Shopping.Client.csproj", "{C97B87C6-290F-4994-A75B-C99C02A2067C}"
EndProject
Project("{9A19103F-16F7-4668-BE54-9A1E7A4F7556}") = "Shopping.API", "Shopping.API\Shopping.API.csproj", "{A9965A8D-EC9C-4ED3-819C-5120C79B83F7}"
EndProject
Project("{E53339B2-1760-4266-BCC7-CA923CBCF16C}") = "docker-compose", "docker-compose.dcproj", "{C50EEA6E-2EBA-4694-B0AC-45B86FAB538B}"
EndProject
Global
	GlobalSection(SolutionConfigurationPlatforms) = preSolution
		Debug|Any CPU = Debug|Any CPU
		Release|Any CPU = Release|Any CPU
	EndGlobalSection
	GlobalSection(ProjectConfigurationPlatforms) = postSolution
		{C97B87C6-290F-4994-A75B-C99C02A2067C}.Debug|Any CPU.ActiveCfg = Debug|Any CPU
		{C97B87C6-290F-4994-A75B-C99C02A2067C}.Debug|Any CPU.Build.0 = Debug|Any CPU
		{C97B87C6-290F-4994-A75B-C99C02A2067C}.Release|Any CPU.ActiveCfg = Release|Any CPU
		{C97B87C6-290F-4994-A75B-C99C02A2067C}.Release|Any CPU.Build.0 = Release|Any CPU
		{A9965A8D-EC9C-4ED3-819C-5120C79B83F7}.Debug|Any CPU.ActiveCfg = Debug|Any CPU
		{A9965A8D-EC9C-4ED3-819C-5120C79B83F7}.Debug|Any CPU.Build.0 = Debug|Any CPU
		{A9965A8D-EC9C-4ED3-819C-5120C79B83F7}.Release|Any CPU.ActiveCfg = Release|Any CPU
		{A9965A8D-EC9C-4ED3-819C-5120C79B83F7}.Release|Any CPU.Build.0 = Release|Any CPU
		{C50EEA6E-2EBA-4694-B0AC-45B86FAB538B}.Debug|Any CPU.ActiveCfg = Debug|Any CPU
		{C50EEA6E-2EBA-4694-B0AC-45B86FAB538B}.Debug|Any CPU.Build.0 = Debug|Any CPU
		{C50EEA6E-2EBA-4694-B0AC-45B86FAB538B}.Release|Any CPU.ActiveCfg = Release|Any CPU
		{C50EEA6E-2EBA-4694-B0AC-45B86FAB538B}.Release|Any CPU.Build.0 = Release|Any CPU
	EndGlobalSection
	GlobalSection(SolutionProperties) = preSolution
		HideSolutionNode = FALSE
	EndGlobalSection
	GlobalSection(ExtensibilityGlobals) = postSolution
		SolutionGuid = {56E5814F-11C7-4ACB-BC79-5A9298021FB5}
	EndGlobalSection
EndGlobal
